
Microsoft Visual Studio Solution File, Format Version 12.00
# Visual Studio Version 16
VisualStudioVersion = 16.0.30503.244
MinimumVisualStudioVersion = 10.0.40219.1
Project("{FAE04EC0-301F-11D3-BF4B-00C04F79EFBC}") = "Clinics", "Clinics\Clinics.csproj", "{C4068F59-C00D-4013-9434-7AC9656FDC18}"
EndProject
Global
	GlobalSection(SolutionConfigurationPlatforms) = preSolution
		Debug|Any CPU = Debug|Any CPU
		Release|Any CPU = Release|Any CPU
	EndGlobalSection
	GlobalSection(ProjectConfigurationPlatforms) = postSolution
		{C4068F59-C00D-4013-9434-7AC9656FDC18}.Debug|Any CPU.ActiveCfg = Debug|Any CPU
		{C4068F59-C00D-4013-9434-7AC9656FDC18}.Debug|Any CPU.Build.0 = Debug|Any CPU
		{C4068F59-C00D-4013-9434-7AC9656FDC18}.Release|Any CPU.ActiveCfg = Release|Any CPU
		{C4068F59-C00D-4013-9434-7AC9656FDC18}.Release|Any CPU.Build.0 = Release|Any CPU
	EndGlobalSection
	GlobalSection(SolutionProperties) = preSolution
		HideSolutionNode = FALSE
	EndGlobalSection
	GlobalSection(ExtensibilityGlobals) = postSolution
		SolutionGuid = {FFAC4CDC-9862-4EBB-AB57-5796F414C800}
	EndGlobalSection
EndGlobal
